
Microsoft Visual Studio Solution File, Format Version 11.00
# Visual Studio 2010
Project("{FAE04EC0-301F-11D3-BF4B-00C04F79EFBC}") = "OpenPanel.Android", "OpenPanel\OpenPanel.Android.csproj", "{39D39926-524F-4BD6-926F-0158A0685C6A}"
EndProject
Project("{FAE04EC0-301F-11D3-BF4B-00C04F79EFBC}") = "OpenPanelApp.Android", "OpenPanelApp.Android\OpenPanelApp.Android.csproj", "{36E5888F-55B4-4E63-B134-BF7637788B1E}"
EndProject
Global
	GlobalSection(SolutionConfigurationPlatforms) = preSolution
		Debug|Any CPU = Debug|Any CPU
		Release|Any CPU = Release|Any CPU
	EndGlobalSection
	GlobalSection(ProjectConfigurationPlatforms) = postSolution
		{36E5888F-55B4-4E63-B134-BF7637788B1E}.Debug|Any CPU.ActiveCfg = Debug|Any CPU
		{36E5888F-55B4-4E63-B134-BF7637788B1E}.Debug|Any CPU.Build.0 = Debug|Any CPU
		{36E5888F-55B4-4E63-B134-BF7637788B1E}.Release|Any CPU.ActiveCfg = Release|Any CPU
		{36E5888F-55B4-4E63-B134-BF7637788B1E}.Release|Any CPU.Build.0 = Release|Any CPU
		{39D39926-524F-4BD6-926F-0158A0685C6A}.Debug|Any CPU.ActiveCfg = Debug|Any CPU
		{39D39926-524F-4BD6-926F-0158A0685C6A}.Debug|Any CPU.Build.0 = Debug|Any CPU
		{39D39926-524F-4BD6-926F-0158A0685C6A}.Release|Any CPU.ActiveCfg = Release|Any CPU
		{39D39926-524F-4BD6-926F-0158A0685C6A}.Release|Any CPU.Build.0 = Release|Any CPU
	EndGlobalSection
	GlobalSection(MonoDevelopProperties) = preSolution
		StartupItem = OpenPanel\OpenPanel.Android.csproj
	EndGlobalSection
EndGlobal
