
Microsoft Visual Studio Solution File, Format Version 11.00
# Visual Studio 2010
Project("{FAE04EC0-301F-11D3-BF4B-00C04F79EFBC}") = "OpenPanel.iOS", "OpenPanel\OpenPanel.iOS.csproj", "{1B2A9FEB-12D8-44FB-849B-BAF6647A8E8D}"
EndProject
Project("{FAE04EC0-301F-11D3-BF4B-00C04F79EFBC}") = "OpenPanelApp.iOS", "OpenPanelApp.iOS\OpenPanelApp.iOS.csproj", "{341EB084-9A0A-4C23-AB62-C0945AA270D1}"
EndProject
Global
	GlobalSection(SolutionConfigurationPlatforms) = preSolution
		Debug|Any CPU = Debug|Any CPU
		Release|Any CPU = Release|Any CPU
		Debug|iPhoneSimulator = Debug|iPhoneSimulator
		Release|iPhoneSimulator = Release|iPhoneSimulator
		Debug|iPhone = Debug|iPhone
		Release|iPhone = Release|iPhone
		Ad-Hoc|iPhone = Ad-Hoc|iPhone
		AppStore|iPhone = AppStore|iPhone
	EndGlobalSection
	GlobalSection(ProjectConfigurationPlatforms) = postSolution
		{1B2A9FEB-12D8-44FB-849B-BAF6647A8E8D}.Ad-Hoc|iPhone.ActiveCfg = Debug|Any CPU
		{1B2A9FEB-12D8-44FB-849B-BAF6647A8E8D}.Ad-Hoc|iPhone.Build.0 = Debug|Any CPU
		{1B2A9FEB-12D8-44FB-849B-BAF6647A8E8D}.AppStore|iPhone.ActiveCfg = Debug|Any CPU
		{1B2A9FEB-12D8-44FB-849B-BAF6647A8E8D}.AppStore|iPhone.Build.0 = Debug|Any CPU
		{1B2A9FEB-12D8-44FB-849B-BAF6647A8E8D}.Debug|Any CPU.ActiveCfg = Debug|Any CPU
		{1B2A9FEB-12D8-44FB-849B-BAF6647A8E8D}.Debug|Any CPU.Build.0 = Debug|Any CPU
		{1B2A9FEB-12D8-44FB-849B-BAF6647A8E8D}.Debug|iPhone.ActiveCfg = Debug|Any CPU
		{1B2A9FEB-12D8-44FB-849B-BAF6647A8E8D}.Debug|iPhone.Build.0 = Debug|Any CPU
		{1B2A9FEB-12D8-44FB-849B-BAF6647A8E8D}.Debug|iPhoneSimulator.ActiveCfg = Debug|Any CPU
		{1B2A9FEB-12D8-44FB-849B-BAF6647A8E8D}.Debug|iPhoneSimulator.Build.0 = Debug|Any CPU
		{1B2A9FEB-12D8-44FB-849B-BAF6647A8E8D}.Release|Any CPU.ActiveCfg = Release|Any CPU
		{1B2A9FEB-12D8-44FB-849B-BAF6647A8E8D}.Release|Any CPU.Build.0 = Release|Any CPU
		{1B2A9FEB-12D8-44FB-849B-BAF6647A8E8D}.Release|iPhone.ActiveCfg = Release|Any CPU
		{1B2A9FEB-12D8-44FB-849B-BAF6647A8E8D}.Release|iPhone.Build.0 = Release|Any CPU
		{1B2A9FEB-12D8-44FB-849B-BAF6647A8E8D}.Release|iPhoneSimulator.ActiveCfg = Release|Any CPU
		{1B2A9FEB-12D8-44FB-849B-BAF6647A8E8D}.Release|iPhoneSimulator.Build.0 = Release|Any CPU
		{341EB084-9A0A-4C23-AB62-C0945AA270D1}.Ad-Hoc|iPhone.ActiveCfg = Ad-Hoc|iPhone
		{341EB084-9A0A-4C23-AB62-C0945AA270D1}.Ad-Hoc|iPhone.Build.0 = Ad-Hoc|iPhone
		{341EB084-9A0A-4C23-AB62-C0945AA270D1}.AppStore|iPhone.ActiveCfg = AppStore|iPhone
		{341EB084-9A0A-4C23-AB62-C0945AA270D1}.AppStore|iPhone.Build.0 = AppStore|iPhone
		{341EB084-9A0A-4C23-AB62-C0945AA270D1}.Debug|Any CPU.ActiveCfg = Debug|iPhoneSimulator
		{341EB084-9A0A-4C23-AB62-C0945AA270D1}.Debug|Any CPU.Build.0 = Debug|iPhoneSimulator
		{341EB084-9A0A-4C23-AB62-C0945AA270D1}.Debug|iPhone.ActiveCfg = Debug|iPhone
		{341EB084-9A0A-4C23-AB62-C0945AA270D1}.Debug|iPhone.Build.0 = Debug|iPhone
		{341EB084-9A0A-4C23-AB62-C0945AA270D1}.Debug|iPhoneSimulator.ActiveCfg = Debug|iPhoneSimulator
		{341EB084-9A0A-4C23-AB62-C0945AA270D1}.Debug|iPhoneSimulator.Build.0 = Debug|iPhoneSimulator
		{341EB084-9A0A-4C23-AB62-C0945AA270D1}.Release|Any CPU.ActiveCfg = Release|iPhoneSimulator
		{341EB084-9A0A-4C23-AB62-C0945AA270D1}.Release|Any CPU.Build.0 = Release|iPhoneSimulator
		{341EB084-9A0A-4C23-AB62-C0945AA270D1}.Release|iPhone.ActiveCfg = Release|iPhone
		{341EB084-9A0A-4C23-AB62-C0945AA270D1}.Release|iPhone.Build.0 = Release|iPhone
		{341EB084-9A0A-4C23-AB62-C0945AA270D1}.Release|iPhoneSimulator.ActiveCfg = Release|iPhoneSimulator
		{341EB084-9A0A-4C23-AB62-C0945AA270D1}.Release|iPhoneSimulator.Build.0 = Release|iPhoneSimulator
	EndGlobalSection
	GlobalSection(MonoDevelopProperties) = preSolution
		StartupItem = OpenPanelApp.iOS\OpenPanelApp.iOS.csproj
	EndGlobalSection
EndGlobal
